schema: '2.0'
stages:
  get_data:
    cmd: python src/stage_01_load_save_data.py --config=config/config.yaml
    deps:
    - path: config/config.yaml
      md5: e4b807b3335ca5459093ee31422f0ffa
      size: 474
    - path: src/stage_01_load_save_data.py
      md5: e81255699b5752a36765450080782c81
      size: 1644
    - path: src/utils/all_utils.py
      md5: 6bbed3fb25a78a03c98db0688b39323d
      size: 830
    outs:
    - path: data/cat
      md5: be2d7fbbe864c543ab1d54bd17593bb6.dir
      size: 21090800
      nfiles: 1000
    - path: data/dog
      md5: 25f1983783711b0038913a747ab7d629.dir
      size: 24522576
      nfiles: 1000
  prepare_base_model:
    cmd: python src/Stage_02_prepare_base_model.py --config=config/config.yaml --params=params.yaml
    deps:
    - path: config/config.yaml
      md5: e4b807b3335ca5459093ee31422f0ffa
      size: 474
    - path: data
      md5: 7ee62ec9d4b555205c0a09b8cece1893.dir
      size: 45613388
      nfiles: 2001
    - path: params.yaml
      md5: 4c24fe91fcb70b3e9a4572e10c23e45a
      size: 227
    - path: src/Stage_02_prepare_base_model.py
      md5: f60f105a4574766cd2e80ea186704fcf
      size: 2231
    - path: src/utils/all_utils.py
      md5: 6bbed3fb25a78a03c98db0688b39323d
      size: 830
    - path: src/utils/models.py
      md5: 5df16e0ac996af5d8caced56dc8299a4
      size: 1327
    outs:
    - path: artifacts/base_model/Updated_VGG16_base_model.h5
      md5: 521ceb86ad491038e7424f4df3e99a37
      size: 59132008
    - path: artifacts/base_model/VGG16_base_model.h5
      md5: e9b24d49e127001ebba511cc64000a85
      size: 58920272
